Microsoft Visual Studio Solution File, Format Version 12.00
# Visual Studio 14
VisualStudioVersion = 14.0.24720.0
MinimumVisualStudioVersion = 10.0.40219.1
Project("{2150E333-8FDC-42A3-9474-1A3956D46DE8}") = "Solution Items", "Solution Items", "{4333F263-1911-4128-A577-2BE0B970B0CA}"
	ProjectSection(SolutionItems) = preProject
		..\..\ChangeLog = ..\..\ChangeLog
		..\..\Doc\development\GUIDS.txt = ..\..\Doc\development\GUIDS.txt
		..\..\INSTALL.Windows = ..\..\INSTALL.Windows
	EndProjectSection
EndProject
Project("{8BC9CEB8-8B4A-11D0-8D11-00A0C91BC942}") = "Common", "..\Common\Common.vcxproj", "{4A4CEB83-FBC8-4E93-831E-009875E54794}"
EndProject
Project("{8BC9CEB8-8B4A-11D0-8D11-00A0C91BC942}") = "Dasher", "Dasher.vcxproj", "{752501D3-5B04-4F3C-A141-DE426E354D23}"
EndProject
Project("{8BC9CEB8-8B4A-11D0-8D11-00A0C91BC942}") = "DasherControl", "DasherControl.vcxproj", "{3998D966-9B9E-4214-ACEA-B777985AF4DD}"
EndProject
Project("{8BC9CEB8-8B4A-11D0-8D11-00A0C91BC942}") = "DasherCore", "..\DasherCore\DasherCore.vcxproj", "{192C1E5C-2D1E-4AA3-91C3-FF2D7ABD67F8}"
EndProject
Project("{930C7802-8A8C-48F9-8165-68863BCCD9DD}") = "Installer", "..\Installer\Installer.wixproj", "{BBE9E817-E2C5-4081-9612-0738E27CF55A}"
	ProjectSection(ProjectDependencies) = postProject
		{752501D3-5B04-4F3C-A141-DE426E354D23} = {752501D3-5B04-4F3C-A141-DE426E354D23}
	EndProjectSection
EndProject
Project("{8BC9CEB8-8B4A-11D0-8D11-00A0C91BC942}") = "Manual", "..\..\Data\Help\Manual.vcxproj", "{C356A954-2E47-4F1E-AE4A-E22B598514F9}"
EndProject
Global
	GlobalSection(SolutionConfigurationPlatforms) = preSolution
		Debug|Win32 = Debug|Win32
		Release|Win32 = Release|Win32
	EndGlobalSection
	GlobalSection(ProjectConfigurationPlatforms) = postSolution
		{4A4CEB83-FBC8-4E93-831E-009875E54794}.Debug|Win32.ActiveCfg = Debug|Win32
		{4A4CEB83-FBC8-4E93-831E-009875E54794}.Debug|Win32.Build.0 = Debug|Win32
		{4A4CEB83-FBC8-4E93-831E-009875E54794}.Release|Win32.ActiveCfg = Release|Win32
		{4A4CEB83-FBC8-4E93-831E-009875E54794}.Release|Win32.Build.0 = Release|Win32
		{752501D3-5B04-4F3C-A141-DE426E354D23}.Debug|Win32.ActiveCfg = Debug|Win32
		{752501D3-5B04-4F3C-A141-DE426E354D23}.Debug|Win32.Build.0 = Debug|Win32
		{752501D3-5B04-4F3C-A141-DE426E354D23}.Release|Win32.ActiveCfg = Release|Win32
		{752501D3-5B04-4F3C-A141-DE426E354D23}.Release|Win32.Build.0 = Release|Win32
		{3998D966-9B9E-4214-ACEA-B777985AF4DD}.Debug|Win32.ActiveCfg = Debug|Win32
		{3998D966-9B9E-4214-ACEA-B777985AF4DD}.Debug|Win32.Build.0 = Debug|Win32
		{3998D966-9B9E-4214-ACEA-B777985AF4DD}.Release|Win32.ActiveCfg = Release|Win32
		{3998D966-9B9E-4214-ACEA-B777985AF4DD}.Release|Win32.Build.0 = Release|Win32
		{192C1E5C-2D1E-4AA3-91C3-FF2D7ABD67F8}.Debug|Win32.ActiveCfg = Debug|Win32
		{192C1E5C-2D1E-4AA3-91C3-FF2D7ABD67F8}.Debug|Win32.Build.0 = Debug|Win32
		{192C1E5C-2D1E-4AA3-91C3-FF2D7ABD67F8}.Release|Win32.ActiveCfg = Release|Win32
		{192C1E5C-2D1E-4AA3-91C3-FF2D7ABD67F8}.Release|Win32.Build.0 = Release|Win32
		{BBE9E817-E2C5-4081-9612-0738E27CF55A}.Debug|Win32.ActiveCfg = Debug|x86
		{BBE9E817-E2C5-4081-9612-0738E27CF55A}.Debug|Win32.Build.0 = Debug|x86
		{BBE9E817-E2C5-4081-9612-0738E27CF55A}.Release|Win32.ActiveCfg = Release|x86
		{BBE9E817-E2C5-4081-9612-0738E27CF55A}.Release|Win32.Build.0 = Release|x86
		{C356A954-2E47-4F1E-AE4A-E22B598514F9}.Debug|Win32.ActiveCfg = Debug|Win32
		{C356A954-2E47-4F1E-AE4A-E22B598514F9}.Release|Win32.ActiveCfg = Release|Win32
		{C356A954-2E47-4F1E-AE4A-E22B598514F9}.Release|Win32.Build.0 = Release|Win32
	EndGlobalSection
	GlobalSection(SolutionProperties) = preSolution
		HideSolutionNode = FALSE
	EndGlobalSection
	GlobalSection(DPCodeReviewSolutionGUID) = preSolution
		DPCodeReviewSolutionGUID = {00000000-0000-0000-0000-000000000000}
	EndGlobalSection
	GlobalSection(DevPartner Solution Properties) = postSolution
	EndGlobalSection
EndGlobal
