Microsoft Visual Studio Solution File, Format Version 9.00
# Visual Studio 2005
Project("{2150E333-8FDC-42A3-9474-1A3956D46DE8}") = "Solution Items", "Solution Items", "{4333F263-1911-4128-A577-2BE0B970B0CA}"
	ProjectSection(SolutionItems) = preProject
		..\..\ChangeLog = ..\..\ChangeLog
	EndProjectSection
EndProject
Project("{8BC9CEB8-8B4A-11D0-8D11-00A0C91BC942}") = "Common", "..\Common\Common_vc80.vcproj", "{4A4CEB83-FBC8-4E93-831E-009875E54794}"
EndProject
Project("{8BC9CEB8-8B4A-11D0-8D11-00A0C91BC942}") = "Dasher", "Dasher_vc80.vcproj", "{752501D3-5B04-4F3C-A141-DE426E354D23}"
	ProjectSection(ProjectDependencies) = postProject
		{192C1E5C-2D1E-4AA3-91C3-FF2D7ABD67F8} = {192C1E5C-2D1E-4AA3-91C3-FF2D7ABD67F8}
		{3998D966-9B9E-4214-ACEA-B777985AF4DD} = {3998D966-9B9E-4214-ACEA-B777985AF4DD}
		{4A4CEB83-FBC8-4E93-831E-009875E54794} = {4A4CEB83-FBC8-4E93-831E-009875E54794}
	EndProjectSection
EndProject
Project("{8BC9CEB8-8B4A-11D0-8D11-00A0C91BC942}") = "DasherControl", "DasherControl_vc80.vcproj", "{3998D966-9B9E-4214-ACEA-B777985AF4DD}"
	ProjectSection(ProjectDependencies) = postProject
		{192C1E5C-2D1E-4AA3-91C3-FF2D7ABD67F8} = {192C1E5C-2D1E-4AA3-91C3-FF2D7ABD67F8}
	EndProjectSection
EndProject
Project("{8BC9CEB8-8B4A-11D0-8D11-00A0C91BC942}") = "DasherCore", "..\DasherCore\DasherCore_vc80.vcproj", "{192C1E5C-2D1E-4AA3-91C3-FF2D7ABD67F8}"
	ProjectSection(ProjectDependencies) = postProject
		{4A4CEB83-FBC8-4E93-831E-009875E54794} = {4A4CEB83-FBC8-4E93-831E-009875E54794}
	EndProjectSection
EndProject
Project("{930C7802-8A8C-48F9-8165-68863BCCD9DD}") = "Installer", "..\Installer\Installer.wixproj", "{BBE9E817-E2C5-4081-9612-0738E27CF55A}"
EndProject
Project("{8BC9CEB8-8B4A-11D0-8D11-00A0C91BC942}") = "DasherIM", "..\DasherIM\DasherIM.vcproj", "{3A5A00A0-DEAB-46D5-9926-3BD370C460F7}"
	ProjectSection(ProjectDependencies) = postProject
		{192C1E5C-2D1E-4AA3-91C3-FF2D7ABD67F8} = {192C1E5C-2D1E-4AA3-91C3-FF2D7ABD67F8}
		{3998D966-9B9E-4214-ACEA-B777985AF4DD} = {3998D966-9B9E-4214-ACEA-B777985AF4DD}
		{4A4CEB83-FBC8-4E93-831E-009875E54794} = {4A4CEB83-FBC8-4E93-831E-009875E54794}
		{752501D3-5B04-4F3C-A141-DE426E354D23} = {752501D3-5B04-4F3C-A141-DE426E354D23}
	EndProjectSection
EndProject
Project("{930C7802-8A8C-48F9-8165-68863BCCD9DD}") = "InstallerTobii", "..\InstallerTobii\InstallerTobii.wixproj", "{C4BFC988-DA68-4F51-BAB0-DB5B7D5CD53B}"
EndProject
Global
	GlobalSection(SolutionConfigurationPlatforms) = preSolution
		Debug|Any CPU = Debug|Any CPU
		Debug|Mixed Platforms = Debug|Mixed Platforms
		Debug|Pocket PC 2003 (ARMV4) = Debug|Pocket PC 2003 (ARMV4)
		Debug|Win32 = Debug|Win32
		Debug|Windows Mobile 5.0 Pocket PC SDK (ARMV4I) = Debug|Windows Mobile 5.0 Pocket PC SDK (ARMV4I)
		Mobile Debug|Any CPU = Mobile Debug|Any CPU
		Mobile Debug|Mixed Platforms = Mobile Debug|Mixed Platforms
		Mobile Debug|Pocket PC 2003 (ARMV4) = Mobile Debug|Pocket PC 2003 (ARMV4)
		Mobile Debug|Win32 = Mobile Debug|Win32
		Mobile Debug|Windows Mobile 5.0 Pocket PC SDK (ARMV4I) = Mobile Debug|Windows Mobile 5.0 Pocket PC SDK (ARMV4I)
		Release|Any CPU = Release|Any CPU
		Release|Mixed Platforms = Release|Mixed Platforms
		Release|Pocket PC 2003 (ARMV4) = Release|Pocket PC 2003 (ARMV4)
		Release|Win32 = Release|Win32
		Release|Windows Mobile 5.0 Pocket PC SDK (ARMV4I) = Release|Windows Mobile 5.0 Pocket PC SDK (ARMV4I)
	EndGlobalSection
	GlobalSection(ProjectConfigurationPlatforms) = postSolution
		{4A4CEB83-FBC8-4E93-831E-009875E54794}.Debug|Any CPU.ActiveCfg = Debug|Windows Mobile 5.0 Pocket PC SDK (ARMV4I)
		{4A4CEB83-FBC8-4E93-831E-009875E54794}.Debug|Mixed Platforms.ActiveCfg = Debug|Windows Mobile 5.0 Pocket PC SDK (ARMV4I)
		{4A4CEB83-FBC8-4E93-831E-009875E54794}.Debug|Mixed Platforms.Build.0 = Debug|Windows Mobile 5.0 Pocket PC SDK (ARMV4I)
		{4A4CEB83-FBC8-4E93-831E-009875E54794}.Debug|Mixed Platforms.Deploy.0 = Debug|Windows Mobile 5.0 Pocket PC SDK (ARMV4I)
		{4A4CEB83-FBC8-4E93-831E-009875E54794}.Debug|Pocket PC 2003 (ARMV4).ActiveCfg = Debug|Pocket PC 2003 (ARMV4)
		{4A4CEB83-FBC8-4E93-831E-009875E54794}.Debug|Pocket PC 2003 (ARMV4).Build.0 = Debug|Pocket PC 2003 (ARMV4)
		{4A4CEB83-FBC8-4E93-831E-009875E54794}.Debug|Pocket PC 2003 (ARMV4).Deploy.0 = Debug|Pocket PC 2003 (ARMV4)
		{4A4CEB83-FBC8-4E93-831E-009875E54794}.Debug|Win32.ActiveCfg = Debug|Win32
		{4A4CEB83-FBC8-4E93-831E-009875E54794}.Debug|Win32.Build.0 = Debug|Win32
		{4A4CEB83-FBC8-4E93-831E-009875E54794}.Debug|Windows Mobile 5.0 Pocket PC SDK (ARMV4I).ActiveCfg = Debug|Windows Mobile 5.0 Pocket PC SDK (ARMV4I)
		{4A4CEB83-FBC8-4E93-831E-009875E54794}.Debug|Windows Mobile 5.0 Pocket PC SDK (ARMV4I).Build.0 = Debug|Windows Mobile 5.0 Pocket PC SDK (ARMV4I)
		{4A4CEB83-FBC8-4E93-831E-009875E54794}.Mobile Debug|Any CPU.ActiveCfg = Mobile Debug|Windows Mobile 5.0 Pocket PC SDK (ARMV4I)
		{4A4CEB83-FBC8-4E93-831E-009875E54794}.Mobile Debug|Mixed Platforms.ActiveCfg = Mobile Debug|Windows Mobile 5.0 Pocket PC SDK (ARMV4I)
		{4A4CEB83-FBC8-4E93-831E-009875E54794}.Mobile Debug|Mixed Platforms.Build.0 = Mobile Debug|Windows Mobile 5.0 Pocket PC SDK (ARMV4I)
		{4A4CEB83-FBC8-4E93-831E-009875E54794}.Mobile Debug|Mixed Platforms.Deploy.0 = Mobile Debug|Windows Mobile 5.0 Pocket PC SDK (ARMV4I)
		{4A4CEB83-FBC8-4E93-831E-009875E54794}.Mobile Debug|Pocket PC 2003 (ARMV4).ActiveCfg = Mobile Debug|Pocket PC 2003 (ARMV4)
		{4A4CEB83-FBC8-4E93-831E-009875E54794}.Mobile Debug|Pocket PC 2003 (ARMV4).Build.0 = Mobile Debug|Pocket PC 2003 (ARMV4)
		{4A4CEB83-FBC8-4E93-831E-009875E54794}.Mobile Debug|Pocket PC 2003 (ARMV4).Deploy.0 = Mobile Debug|Pocket PC 2003 (ARMV4)
		{4A4CEB83-FBC8-4E93-831E-009875E54794}.Mobile Debug|Win32.ActiveCfg = Mobile Debug|Win32
		{4A4CEB83-FBC8-4E93-831E-009875E54794}.Mobile Debug|Win32.Build.0 = Mobile Debug|Win32
		{4A4CEB83-FBC8-4E93-831E-009875E54794}.Mobile Debug|Windows Mobile 5.0 Pocket PC SDK (ARMV4I).ActiveCfg = Mobile Debug|Windows Mobile 5.0 Pocket PC SDK (ARMV4I)
		{4A4CEB83-FBC8-4E93-831E-009875E54794}.Mobile Debug|Windows Mobile 5.0 Pocket PC SDK (ARMV4I).Build.0 = Mobile Debug|Windows Mobile 5.0 Pocket PC SDK (ARMV4I)
		{4A4CEB83-FBC8-4E93-831E-009875E54794}.Release|Any CPU.ActiveCfg = Release|Windows Mobile 5.0 Pocket PC SDK (ARMV4I)
		{4A4CEB83-FBC8-4E93-831E-009875E54794}.Release|Mixed Platforms.ActiveCfg = Release|Windows Mobile 5.0 Pocket PC SDK (ARMV4I)
		{4A4CEB83-FBC8-4E93-831E-009875E54794}.Release|Mixed Platforms.Build.0 = Release|Windows Mobile 5.0 Pocket PC SDK (ARMV4I)
		{4A4CEB83-FBC8-4E93-831E-009875E54794}.Release|Mixed Platforms.Deploy.0 = Release|Windows Mobile 5.0 Pocket PC SDK (ARMV4I)
		{4A4CEB83-FBC8-4E93-831E-009875E54794}.Release|Pocket PC 2003 (ARMV4).ActiveCfg = Release|Pocket PC 2003 (ARMV4)
		{4A4CEB83-FBC8-4E93-831E-009875E54794}.Release|Pocket PC 2003 (ARMV4).Build.0 = Release|Pocket PC 2003 (ARMV4)
		{4A4CEB83-FBC8-4E93-831E-009875E54794}.Release|Pocket PC 2003 (ARMV4).Deploy.0 = Release|Pocket PC 2003 (ARMV4)
		{4A4CEB83-FBC8-4E93-831E-009875E54794}.Release|Win32.ActiveCfg = Release|Win32
		{4A4CEB83-FBC8-4E93-831E-009875E54794}.Release|Win32.Build.0 = Release|Win32
		{4A4CEB83-FBC8-4E93-831E-009875E54794}.Release|Windows Mobile 5.0 Pocket PC SDK (ARMV4I).ActiveCfg = Release|Windows Mobile 5.0 Pocket PC SDK (ARMV4I)
		{4A4CEB83-FBC8-4E93-831E-009875E54794}.Release|Windows Mobile 5.0 Pocket PC SDK (ARMV4I).Build.0 = Release|Windows Mobile 5.0 Pocket PC SDK (ARMV4I)
		{752501D3-5B04-4F3C-A141-DE426E354D23}.Debug|Any CPU.ActiveCfg = Debug|Windows Mobile 5.0 Pocket PC SDK (ARMV4I)
		{752501D3-5B04-4F3C-A141-DE426E354D23}.Debug|Mixed Platforms.ActiveCfg = Debug|Windows Mobile 5.0 Pocket PC SDK (ARMV4I)
		{752501D3-5B04-4F3C-A141-DE426E354D23}.Debug|Mixed Platforms.Build.0 = Debug|Windows Mobile 5.0 Pocket PC SDK (ARMV4I)
		{752501D3-5B04-4F3C-A141-DE426E354D23}.Debug|Mixed Platforms.Deploy.0 = Debug|Windows Mobile 5.0 Pocket PC SDK (ARMV4I)
		{752501D3-5B04-4F3C-A141-DE426E354D23}.Debug|Pocket PC 2003 (ARMV4).ActiveCfg = Debug|Pocket PC 2003 (ARMV4)
		{752501D3-5B04-4F3C-A141-DE426E354D23}.Debug|Pocket PC 2003 (ARMV4).Build.0 = Debug|Pocket PC 2003 (ARMV4)
		{752501D3-5B04-4F3C-A141-DE426E354D23}.Debug|Pocket PC 2003 (ARMV4).Deploy.0 = Debug|Pocket PC 2003 (ARMV4)
		{752501D3-5B04-4F3C-A141-DE426E354D23}.Debug|Win32.ActiveCfg = Debug|Win32
		{752501D3-5B04-4F3C-A141-DE426E354D23}.Debug|Win32.Build.0 = Debug|Win32
		{752501D3-5B04-4F3C-A141-DE426E354D23}.Debug|Windows Mobile 5.0 Pocket PC SDK (ARMV4I).ActiveCfg = Debug|Windows Mobile 5.0 Pocket PC SDK (ARMV4I)
		{752501D3-5B04-4F3C-A141-DE426E354D23}.Debug|Windows Mobile 5.0 Pocket PC SDK (ARMV4I).Build.0 = Debug|Windows Mobile 5.0 Pocket PC SDK (ARMV4I)
		{752501D3-5B04-4F3C-A141-DE426E354D23}.Mobile Debug|Any CPU.ActiveCfg = Mobile Debug|Windows Mobile 5.0 Pocket PC SDK (ARMV4I)
		{752501D3-5B04-4F3C-A141-DE426E354D23}.Mobile Debug|Mixed Platforms.ActiveCfg = Mobile Debug|Windows Mobile 5.0 Pocket PC SDK (ARMV4I)
		{752501D3-5B04-4F3C-A141-DE426E354D23}.Mobile Debug|Mixed Platforms.Build.0 = Mobile Debug|Windows Mobile 5.0 Pocket PC SDK (ARMV4I)
		{752501D3-5B04-4F3C-A141-DE426E354D23}.Mobile Debug|Mixed Platforms.Deploy.0 = Mobile Debug|Windows Mobile 5.0 Pocket PC SDK (ARMV4I)
		{752501D3-5B04-4F3C-A141-DE426E354D23}.Mobile Debug|Pocket PC 2003 (ARMV4).ActiveCfg = Mobile Debug|Pocket PC 2003 (ARMV4)
		{752501D3-5B04-4F3C-A141-DE426E354D23}.Mobile Debug|Pocket PC 2003 (ARMV4).Build.0 = Mobile Debug|Pocket PC 2003 (ARMV4)
		{752501D3-5B04-4F3C-A141-DE426E354D23}.Mobile Debug|Pocket PC 2003 (ARMV4).Deploy.0 = Mobile Debug|Pocket PC 2003 (ARMV4)
		{752501D3-5B04-4F3C-A141-DE426E354D23}.Mobile Debug|Win32.ActiveCfg = Mobile Debug|Win32
		{752501D3-5B04-4F3C-A141-DE426E354D23}.Mobile Debug|Win32.Build.0 = Mobile Debug|Win32
		{752501D3-5B04-4F3C-A141-DE426E354D23}.Mobile Debug|Windows Mobile 5.0 Pocket PC SDK (ARMV4I).ActiveCfg = Mobile Debug|Windows Mobile 5.0 Pocket PC SDK (ARMV4I)
		{752501D3-5B04-4F3C-A141-DE426E354D23}.Mobile Debug|Windows Mobile 5.0 Pocket PC SDK (ARMV4I).Build.0 = Mobile Debug|Windows Mobile 5.0 Pocket PC SDK (ARMV4I)
		{752501D3-5B04-4F3C-A141-DE426E354D23}.Mobile Debug|Windows Mobile 5.0 Pocket PC SDK (ARMV4I).Deploy.0 = Mobile Debug|Windows Mobile 5.0 Pocket PC SDK (ARMV4I)
		{752501D3-5B04-4F3C-A141-DE426E354D23}.Release|Any CPU.ActiveCfg = Release|Windows Mobile 5.0 Pocket PC SDK (ARMV4I)
		{752501D3-5B04-4F3C-A141-DE426E354D23}.Release|Mixed Platforms.ActiveCfg = Release|Windows Mobile 5.0 Pocket PC SDK (ARMV4I)
		{752501D3-5B04-4F3C-A141-DE426E354D23}.Release|Mixed Platforms.Build.0 = Release|Windows Mobile 5.0 Pocket PC SDK (ARMV4I)
		{752501D3-5B04-4F3C-A141-DE426E354D23}.Release|Mixed Platforms.Deploy.0 = Release|Windows Mobile 5.0 Pocket PC SDK (ARMV4I)
		{752501D3-5B04-4F3C-A141-DE426E354D23}.Release|Pocket PC 2003 (ARMV4).ActiveCfg = Release|Pocket PC 2003 (ARMV4)
		{752501D3-5B04-4F3C-A141-DE426E354D23}.Release|Pocket PC 2003 (ARMV4).Build.0 = Release|Pocket PC 2003 (ARMV4)
		{752501D3-5B04-4F3C-A141-DE426E354D23}.Release|Pocket PC 2003 (ARMV4).Deploy.0 = Release|Pocket PC 2003 (ARMV4)
		{752501D3-5B04-4F3C-A141-DE426E354D23}.Release|Win32.ActiveCfg = Release|Win32
		{752501D3-5B04-4F3C-A141-DE426E354D23}.Release|Win32.Build.0 = Release|Win32
		{752501D3-5B04-4F3C-A141-DE426E354D23}.Release|Windows Mobile 5.0 Pocket PC SDK (ARMV4I).ActiveCfg = Release|Windows Mobile 5.0 Pocket PC SDK (ARMV4I)
		{752501D3-5B04-4F3C-A141-DE426E354D23}.Release|Windows Mobile 5.0 Pocket PC SDK (ARMV4I).Build.0 = Release|Windows Mobile 5.0 Pocket PC SDK (ARMV4I)
		{3998D966-9B9E-4214-ACEA-B777985AF4DD}.Debug|Any CPU.ActiveCfg = Debug|Windows Mobile 5.0 Pocket PC SDK (ARMV4I)
		{3998D966-9B9E-4214-ACEA-B777985AF4DD}.Debug|Mixed Platforms.ActiveCfg = Debug|Windows Mobile 5.0 Pocket PC SDK (ARMV4I)
		{3998D966-9B9E-4214-ACEA-B777985AF4DD}.Debug|Mixed Platforms.Build.0 = Debug|Windows Mobile 5.0 Pocket PC SDK (ARMV4I)
		{3998D966-9B9E-4214-ACEA-B777985AF4DD}.Debug|Mixed Platforms.Deploy.0 = Debug|Windows Mobile 5.0 Pocket PC SDK (ARMV4I)
		{3998D966-9B9E-4214-ACEA-B777985AF4DD}.Debug|Pocket PC 2003 (ARMV4).ActiveCfg = Debug|Pocket PC 2003 (ARMV4)
		{3998D966-9B9E-4214-ACEA-B777985AF4DD}.Debug|Pocket PC 2003 (ARMV4).Build.0 = Debug|Pocket PC 2003 (ARMV4)
		{3998D966-9B9E-4214-ACEA-B777985AF4DD}.Debug|Pocket PC 2003 (ARMV4).Deploy.0 = Debug|Pocket PC 2003 (ARMV4)
		{3998D966-9B9E-4214-ACEA-B777985AF4DD}.Debug|Win32.ActiveCfg = Debug|Win32
		{3998D966-9B9E-4214-ACEA-B777985AF4DD}.Debug|Win32.Build.0 = Debug|Win32
		{3998D966-9B9E-4214-ACEA-B777985AF4DD}.Debug|Windows Mobile 5.0 Pocket PC SDK (ARMV4I).ActiveCfg = Debug|Windows Mobile 5.0 Pocket PC SDK (ARMV4I)
		{3998D966-9B9E-4214-ACEA-B777985AF4DD}.Debug|Windows Mobile 5.0 Pocket PC SDK (ARMV4I).Build.0 = Debug|Windows Mobile 5.0 Pocket PC SDK (ARMV4I)
		{3998D966-9B9E-4214-ACEA-B777985AF4DD}.Mobile Debug|Any CPU.ActiveCfg = Mobile Debug|Windows Mobile 5.0 Pocket PC SDK (ARMV4I)
		{3998D966-9B9E-4214-ACEA-B777985AF4DD}.Mobile Debug|Mixed Platforms.ActiveCfg = Mobile Debug|Windows Mobile 5.0 Pocket PC SDK (ARMV4I)
		{3998D966-9B9E-4214-ACEA-B777985AF4DD}.Mobile Debug|Mixed Platforms.Build.0 = Mobile Debug|Windows Mobile 5.0 Pocket PC SDK (ARMV4I)
		{3998D966-9B9E-4214-ACEA-B777985AF4DD}.Mobile Debug|Mixed Platforms.Deploy.0 = Mobile Debug|Windows Mobile 5.0 Pocket PC SDK (ARMV4I)
		{3998D966-9B9E-4214-ACEA-B777985AF4DD}.Mobile Debug|Pocket PC 2003 (ARMV4).ActiveCfg = Mobile Debug|Pocket PC 2003 (ARMV4)
		{3998D966-9B9E-4214-ACEA-B777985AF4DD}.Mobile Debug|Pocket PC 2003 (ARMV4).Build.0 = Mobile Debug|Pocket PC 2003 (ARMV4)
		{3998D966-9B9E-4214-ACEA-B777985AF4DD}.Mobile Debug|Pocket PC 2003 (ARMV4).Deploy.0 = Mobile Debug|Pocket PC 2003 (ARMV4)
		{3998D966-9B9E-4214-ACEA-B777985AF4DD}.Mobile Debug|Win32.ActiveCfg = Mobile Debug|Win32
		{3998D966-9B9E-4214-ACEA-B777985AF4DD}.Mobile Debug|Win32.Build.0 = Mobile Debug|Win32
		{3998D966-9B9E-4214-ACEA-B777985AF4DD}.Mobile Debug|Windows Mobile 5.0 Pocket PC SDK (ARMV4I).ActiveCfg = Mobile Debug|Windows Mobile 5.0 Pocket PC SDK (ARMV4I)
		{3998D966-9B9E-4214-ACEA-B777985AF4DD}.Mobile Debug|Windows Mobile 5.0 Pocket PC SDK (ARMV4I).Build.0 = Mobile Debug|Windows Mobile 5.0 Pocket PC SDK (ARMV4I)
		{3998D966-9B9E-4214-ACEA-B777985AF4DD}.Release|Any CPU.ActiveCfg = Release|Windows Mobile 5.0 Pocket PC SDK (ARMV4I)
		{3998D966-9B9E-4214-ACEA-B777985AF4DD}.Release|Mixed Platforms.ActiveCfg = Release|Windows Mobile 5.0 Pocket PC SDK (ARMV4I)
		{3998D966-9B9E-4214-ACEA-B777985AF4DD}.Release|Mixed Platforms.Build.0 = Release|Windows Mobile 5.0 Pocket PC SDK (ARMV4I)
		{3998D966-9B9E-4214-ACEA-B777985AF4DD}.Release|Mixed Platforms.Deploy.0 = Release|Windows Mobile 5.0 Pocket PC SDK (ARMV4I)
		{3998D966-9B9E-4214-ACEA-B777985AF4DD}.Release|Pocket PC 2003 (ARMV4).ActiveCfg = Release|Pocket PC 2003 (ARMV4)
		{3998D966-9B9E-4214-ACEA-B777985AF4DD}.Release|Pocket PC 2003 (ARMV4).Build.0 = Release|Pocket PC 2003 (ARMV4)
		{3998D966-9B9E-4214-ACEA-B777985AF4DD}.Release|Pocket PC 2003 (ARMV4).Deploy.0 = Release|Pocket PC 2003 (ARMV4)
		{3998D966-9B9E-4214-ACEA-B777985AF4DD}.Release|Win32.ActiveCfg = Release|Win32
		{3998D966-9B9E-4214-ACEA-B777985AF4DD}.Release|Win32.Build.0 = Release|Win32
		{3998D966-9B9E-4214-ACEA-B777985AF4DD}.Release|Windows Mobile 5.0 Pocket PC SDK (ARMV4I).ActiveCfg = Release|Windows Mobile 5.0 Pocket PC SDK (ARMV4I)
		{3998D966-9B9E-4214-ACEA-B777985AF4DD}.Release|Windows Mobile 5.0 Pocket PC SDK (ARMV4I).Build.0 = Release|Windows Mobile 5.0 Pocket PC SDK (ARMV4I)
		{192C1E5C-2D1E-4AA3-91C3-FF2D7ABD67F8}.Debug|Any CPU.ActiveCfg = Debug|Windows Mobile 5.0 Pocket PC SDK (ARMV4I)
		{192C1E5C-2D1E-4AA3-91C3-FF2D7ABD67F8}.Debug|Mixed Platforms.ActiveCfg = Debug|Windows Mobile 5.0 Pocket PC SDK (ARMV4I)
		{192C1E5C-2D1E-4AA3-91C3-FF2D7ABD67F8}.Debug|Mixed Platforms.Build.0 = Debug|Windows Mobile 5.0 Pocket PC SDK (ARMV4I)
		{192C1E5C-2D1E-4AA3-91C3-FF2D7ABD67F8}.Debug|Mixed Platforms.Deploy.0 = Debug|Windows Mobile 5.0 Pocket PC SDK (ARMV4I)
		{192C1E5C-2D1E-4AA3-91C3-FF2D7ABD67F8}.Debug|Pocket PC 2003 (ARMV4).ActiveCfg = Debug|Pocket PC 2003 (ARMV4)
		{192C1E5C-2D1E-4AA3-91C3-FF2D7ABD67F8}.Debug|Pocket PC 2003 (ARMV4).Build.0 = Debug|Pocket PC 2003 (ARMV4)
		{192C1E5C-2D1E-4AA3-91C3-FF2D7ABD67F8}.Debug|Pocket PC 2003 (ARMV4).Deploy.0 = Debug|Pocket PC 2003 (ARMV4)
		{192C1E5C-2D1E-4AA3-91C3-FF2D7ABD67F8}.Debug|Win32.ActiveCfg = Debug|Win32
		{192C1E5C-2D1E-4AA3-91C3-FF2D7ABD67F8}.Debug|Win32.Build.0 = Debug|Win32
		{192C1E5C-2D1E-4AA3-91C3-FF2D7ABD67F8}.Debug|Windows Mobile 5.0 Pocket PC SDK (ARMV4I).ActiveCfg = Debug|Windows Mobile 5.0 Pocket PC SDK (ARMV4I)
		{192C1E5C-2D1E-4AA3-91C3-FF2D7ABD67F8}.Debug|Windows Mobile 5.0 Pocket PC SDK (ARMV4I).Build.0 = Debug|Windows Mobile 5.0 Pocket PC SDK (ARMV4I)
		{192C1E5C-2D1E-4AA3-91C3-FF2D7ABD67F8}.Mobile Debug|Any CPU.ActiveCfg = Mobile Debug|Windows Mobile 5.0 Pocket PC SDK (ARMV4I)
		{192C1E5C-2D1E-4AA3-91C3-FF2D7ABD67F8}.Mobile Debug|Mixed Platforms.ActiveCfg = Mobile Debug|Windows Mobile 5.0 Pocket PC SDK (ARMV4I)
		{192C1E5C-2D1E-4AA3-91C3-FF2D7ABD67F8}.Mobile Debug|Mixed Platforms.Build.0 = Mobile Debug|Windows Mobile 5.0 Pocket PC SDK (ARMV4I)
		{192C1E5C-2D1E-4AA3-91C3-FF2D7ABD67F8}.Mobile Debug|Mixed Platforms.Deploy.0 = Mobile Debug|Windows Mobile 5.0 Pocket PC SDK (ARMV4I)
		{192C1E5C-2D1E-4AA3-91C3-FF2D7ABD67F8}.Mobile Debug|Pocket PC 2003 (ARMV4).ActiveCfg = Mobile Debug|Pocket PC 2003 (ARMV4)
		{192C1E5C-2D1E-4AA3-91C3-FF2D7ABD67F8}.Mobile Debug|Pocket PC 2003 (ARMV4).Build.0 = Mobile Debug|Pocket PC 2003 (ARMV4)
		{192C1E5C-2D1E-4AA3-91C3-FF2D7ABD67F8}.Mobile Debug|Pocket PC 2003 (ARMV4).Deploy.0 = Mobile Debug|Pocket PC 2003 (ARMV4)
		{192C1E5C-2D1E-4AA3-91C3-FF2D7ABD67F8}.Mobile Debug|Win32.ActiveCfg = Mobile Debug|Win32
		{192C1E5C-2D1E-4AA3-91C3-FF2D7ABD67F8}.Mobile Debug|Win32.Build.0 = Mobile Debug|Win32
		{192C1E5C-2D1E-4AA3-91C3-FF2D7ABD67F8}.Mobile Debug|Windows Mobile 5.0 Pocket PC SDK (ARMV4I).ActiveCfg = Mobile Debug|Windows Mobile 5.0 Pocket PC SDK (ARMV4I)
		{192C1E5C-2D1E-4AA3-91C3-FF2D7ABD67F8}.Mobile Debug|Windows Mobile 5.0 Pocket PC SDK (ARMV4I).Build.0 = Mobile Debug|Windows Mobile 5.0 Pocket PC SDK (ARMV4I)
		{192C1E5C-2D1E-4AA3-91C3-FF2D7ABD67F8}.Release|Any CPU.ActiveCfg = Release|Windows Mobile 5.0 Pocket PC SDK (ARMV4I)
		{192C1E5C-2D1E-4AA3-91C3-FF2D7ABD67F8}.Release|Mixed Platforms.ActiveCfg = Release|Windows Mobile 5.0 Pocket PC SDK (ARMV4I)
		{192C1E5C-2D1E-4AA3-91C3-FF2D7ABD67F8}.Release|Mixed Platforms.Build.0 = Release|Windows Mobile 5.0 Pocket PC SDK (ARMV4I)
		{192C1E5C-2D1E-4AA3-91C3-FF2D7ABD67F8}.Release|Mixed Platforms.Deploy.0 = Release|Windows Mobile 5.0 Pocket PC SDK (ARMV4I)
		{192C1E5C-2D1E-4AA3-91C3-FF2D7ABD67F8}.Release|Pocket PC 2003 (ARMV4).ActiveCfg = Release|Pocket PC 2003 (ARMV4)
		{192C1E5C-2D1E-4AA3-91C3-FF2D7ABD67F8}.Release|Pocket PC 2003 (ARMV4).Build.0 = Release|Pocket PC 2003 (ARMV4)
		{192C1E5C-2D1E-4AA3-91C3-FF2D7ABD67F8}.Release|Pocket PC 2003 (ARMV4).Deploy.0 = Release|Pocket PC 2003 (ARMV4)
		{192C1E5C-2D1E-4AA3-91C3-FF2D7ABD67F8}.Release|Win32.ActiveCfg = Release|Win32
		{192C1E5C-2D1E-4AA3-91C3-FF2D7ABD67F8}.Release|Win32.Build.0 = Release|Win32
		{192C1E5C-2D1E-4AA3-91C3-FF2D7ABD67F8}.Release|Windows Mobile 5.0 Pocket PC SDK (ARMV4I).ActiveCfg = Release|Windows Mobile 5.0 Pocket PC SDK (ARMV4I)
		{192C1E5C-2D1E-4AA3-91C3-FF2D7ABD67F8}.Release|Windows Mobile 5.0 Pocket PC SDK (ARMV4I).Build.0 = Release|Windows Mobile 5.0 Pocket PC SDK (ARMV4I)
		{BBE9E817-E2C5-4081-9612-0738E27CF55A}.Debug|Any CPU.ActiveCfg = Debug|Any CPU
		{BBE9E817-E2C5-4081-9612-0738E27CF55A}.Debug|Any CPU.Build.0 = Debug|Any CPU
		{BBE9E817-E2C5-4081-9612-0738E27CF55A}.Debug|Mixed Platforms.ActiveCfg = Debug|Any CPU
		{BBE9E817-E2C5-4081-9612-0738E27CF55A}.Debug|Mixed Platforms.Build.0 = Debug|Any CPU
		{BBE9E817-E2C5-4081-9612-0738E27CF55A}.Debug|Pocket PC 2003 (ARMV4).ActiveCfg = Debug|Any CPU
		{BBE9E817-E2C5-4081-9612-0738E27CF55A}.Debug|Win32.ActiveCfg = Debug|Any CPU
		{BBE9E817-E2C5-4081-9612-0738E27CF55A}.Debug|Windows Mobile 5.0 Pocket PC SDK (ARMV4I).ActiveCfg = Debug|Any CPU
		{BBE9E817-E2C5-4081-9612-0738E27CF55A}.Mobile Debug|Any CPU.ActiveCfg = Debug|Any CPU
		{BBE9E817-E2C5-4081-9612-0738E27CF55A}.Mobile Debug|Any CPU.Build.0 = Debug|Any CPU
		{BBE9E817-E2C5-4081-9612-0738E27CF55A}.Mobile Debug|Mixed Platforms.ActiveCfg = Debug|Any CPU
		{BBE9E817-E2C5-4081-9612-0738E27CF55A}.Mobile Debug|Mixed Platforms.Build.0 = Debug|Any CPU
		{BBE9E817-E2C5-4081-9612-0738E27CF55A}.Mobile Debug|Pocket PC 2003 (ARMV4).ActiveCfg = Debug|Any CPU
		{BBE9E817-E2C5-4081-9612-0738E27CF55A}.Mobile Debug|Win32.ActiveCfg = Debug|Any CPU
		{BBE9E817-E2C5-4081-9612-0738E27CF55A}.Mobile Debug|Windows Mobile 5.0 Pocket PC SDK (ARMV4I).ActiveCfg = Debug|Any CPU
		{BBE9E817-E2C5-4081-9612-0738E27CF55A}.Release|Any CPU.ActiveCfg = Release|Any CPU
		{BBE9E817-E2C5-4081-9612-0738E27CF55A}.Release|Any CPU.Build.0 = Release|Any CPU
		{BBE9E817-E2C5-4081-9612-0738E27CF55A}.Release|Mixed Platforms.ActiveCfg = Release|Any CPU
		{BBE9E817-E2C5-4081-9612-0738E27CF55A}.Release|Mixed Platforms.Build.0 = Release|Any CPU
		{BBE9E817-E2C5-4081-9612-0738E27CF55A}.Release|Pocket PC 2003 (ARMV4).ActiveCfg = Release|Any CPU
		{BBE9E817-E2C5-4081-9612-0738E27CF55A}.Release|Win32.ActiveCfg = Release|Any CPU
		{BBE9E817-E2C5-4081-9612-0738E27CF55A}.Release|Windows Mobile 5.0 Pocket PC SDK (ARMV4I).ActiveCfg = Release|Any CPU
		{3A5A00A0-DEAB-46D5-9926-3BD370C460F7}.Debug|Any CPU.ActiveCfg = Debug|Windows Mobile 5.0 Pocket PC SDK (ARMV4I)
		{3A5A00A0-DEAB-46D5-9926-3BD370C460F7}.Debug|Mixed Platforms.ActiveCfg = Debug|Windows Mobile 5.0 Pocket PC SDK (ARMV4I)
		{3A5A00A0-DEAB-46D5-9926-3BD370C460F7}.Debug|Mixed Platforms.Build.0 = Debug|Windows Mobile 5.0 Pocket PC SDK (ARMV4I)
		{3A5A00A0-DEAB-46D5-9926-3BD370C460F7}.Debug|Mixed Platforms.Deploy.0 = Debug|Windows Mobile 5.0 Pocket PC SDK (ARMV4I)
		{3A5A00A0-DEAB-46D5-9926-3BD370C460F7}.Debug|Pocket PC 2003 (ARMV4).ActiveCfg = Debug|Windows Mobile 5.0 Pocket PC SDK (ARMV4I)
		{3A5A00A0-DEAB-46D5-9926-3BD370C460F7}.Debug|Win32.ActiveCfg = Debug|Windows Mobile 5.0 Pocket PC SDK (ARMV4I)
		{3A5A00A0-DEAB-46D5-9926-3BD370C460F7}.Debug|Windows Mobile 5.0 Pocket PC SDK (ARMV4I).ActiveCfg = Debug|Windows Mobile 5.0 Pocket PC SDK (ARMV4I)
		{3A5A00A0-DEAB-46D5-9926-3BD370C460F7}.Debug|Windows Mobile 5.0 Pocket PC SDK (ARMV4I).Build.0 = Debug|Windows Mobile 5.0 Pocket PC SDK (ARMV4I)
		{3A5A00A0-DEAB-46D5-9926-3BD370C460F7}.Debug|Windows Mobile 5.0 Pocket PC SDK (ARMV4I).Deploy.0 = Debug|Windows Mobile 5.0 Pocket PC SDK (ARMV4I)
		{3A5A00A0-DEAB-46D5-9926-3BD370C460F7}.Mobile Debug|Any CPU.ActiveCfg = Debug|Windows Mobile 5.0 Pocket PC SDK (ARMV4I)
		{3A5A00A0-DEAB-46D5-9926-3BD370C460F7}.Mobile Debug|Mixed Platforms.ActiveCfg = Debug|Windows Mobile 5.0 Pocket PC SDK (ARMV4I)
		{3A5A00A0-DEAB-46D5-9926-3BD370C460F7}.Mobile Debug|Mixed Platforms.Build.0 = Debug|Windows Mobile 5.0 Pocket PC SDK (ARMV4I)
		{3A5A00A0-DEAB-46D5-9926-3BD370C460F7}.Mobile Debug|Mixed Platforms.Deploy.0 = Debug|Windows Mobile 5.0 Pocket PC SDK (ARMV4I)
		{3A5A00A0-DEAB-46D5-9926-3BD370C460F7}.Mobile Debug|Pocket PC 2003 (ARMV4).ActiveCfg = Debug|Windows Mobile 5.0 Pocket PC SDK (ARMV4I)
		{3A5A00A0-DEAB-46D5-9926-3BD370C460F7}.Mobile Debug|Win32.ActiveCfg = Debug|Windows Mobile 5.0 Pocket PC SDK (ARMV4I)
		{3A5A00A0-DEAB-46D5-9926-3BD370C460F7}.Mobile Debug|Windows Mobile 5.0 Pocket PC SDK (ARMV4I).ActiveCfg = Debug|Windows Mobile 5.0 Pocket PC SDK (ARMV4I)
		{3A5A00A0-DEAB-46D5-9926-3BD370C460F7}.Mobile Debug|Windows Mobile 5.0 Pocket PC SDK (ARMV4I).Build.0 = Debug|Windows Mobile 5.0 Pocket PC SDK (ARMV4I)
		{3A5A00A0-DEAB-46D5-9926-3BD370C460F7}.Mobile Debug|Windows Mobile 5.0 Pocket PC SDK (ARMV4I).Deploy.0 = Debug|Windows Mobile 5.0 Pocket PC SDK (ARMV4I)
		{3A5A00A0-DEAB-46D5-9926-3BD370C460F7}.Release|Any CPU.ActiveCfg = Release|Windows Mobile 5.0 Pocket PC SDK (ARMV4I)
		{3A5A00A0-DEAB-46D5-9926-3BD370C460F7}.Release|Mixed Platforms.ActiveCfg = Release|Windows Mobile 5.0 Pocket PC SDK (ARMV4I)
		{3A5A00A0-DEAB-46D5-9926-3BD370C460F7}.Release|Mixed Platforms.Build.0 = Release|Windows Mobile 5.0 Pocket PC SDK (ARMV4I)
		{3A5A00A0-DEAB-46D5-9926-3BD370C460F7}.Release|Mixed Platforms.Deploy.0 = Release|Windows Mobile 5.0 Pocket PC SDK (ARMV4I)
		{3A5A00A0-DEAB-46D5-9926-3BD370C460F7}.Release|Pocket PC 2003 (ARMV4).ActiveCfg = Release|Windows Mobile 5.0 Pocket PC SDK (ARMV4I)
		{3A5A00A0-DEAB-46D5-9926-3BD370C460F7}.Release|Win32.ActiveCfg = Release|Windows Mobile 5.0 Pocket PC SDK (ARMV4I)
		{3A5A00A0-DEAB-46D5-9926-3BD370C460F7}.Release|Windows Mobile 5.0 Pocket PC SDK (ARMV4I).ActiveCfg = Release|Windows Mobile 5.0 Pocket PC SDK (ARMV4I)
		{3A5A00A0-DEAB-46D5-9926-3BD370C460F7}.Release|Windows Mobile 5.0 Pocket PC SDK (ARMV4I).Build.0 = Release|Windows Mobile 5.0 Pocket PC SDK (ARMV4I)
		{3A5A00A0-DEAB-46D5-9926-3BD370C460F7}.Release|Windows Mobile 5.0 Pocket PC SDK (ARMV4I).Deploy.0 = Release|Windows Mobile 5.0 Pocket PC SDK (ARMV4I)
		{C4BFC988-DA68-4F51-BAB0-DB5B7D5CD53B}.Debug|Any CPU.ActiveCfg = Debug|Any CPU
		{C4BFC988-DA68-4F51-BAB0-DB5B7D5CD53B}.Debug|Any CPU.Build.0 = Debug|Any CPU
		{C4BFC988-DA68-4F51-BAB0-DB5B7D5CD53B}.Debug|Mixed Platforms.ActiveCfg = Debug|Any CPU
		{C4BFC988-DA68-4F51-BAB0-DB5B7D5CD53B}.Debug|Mixed Platforms.Build.0 = Debug|Any CPU
		{C4BFC988-DA68-4F51-BAB0-DB5B7D5CD53B}.Debug|Pocket PC 2003 (ARMV4).ActiveCfg = Debug|Any CPU
		{C4BFC988-DA68-4F51-BAB0-DB5B7D5CD53B}.Debug|Win32.ActiveCfg = Debug|Any CPU
		{C4BFC988-DA68-4F51-BAB0-DB5B7D5CD53B}.Debug|Windows Mobile 5.0 Pocket PC SDK (ARMV4I).ActiveCfg = Debug|Any CPU
		{C4BFC988-DA68-4F51-BAB0-DB5B7D5CD53B}.Mobile Debug|Any CPU.ActiveCfg = Debug|Any CPU
		{C4BFC988-DA68-4F51-BAB0-DB5B7D5CD53B}.Mobile Debug|Any CPU.Build.0 = Debug|Any CPU
		{C4BFC988-DA68-4F51-BAB0-DB5B7D5CD53B}.Mobile Debug|Mixed Platforms.ActiveCfg = Debug|Any CPU
		{C4BFC988-DA68-4F51-BAB0-DB5B7D5CD53B}.Mobile Debug|Mixed Platforms.Build.0 = Debug|Any CPU
		{C4BFC988-DA68-4F51-BAB0-DB5B7D5CD53B}.Mobile Debug|Pocket PC 2003 (ARMV4).ActiveCfg = Debug|Any CPU
		{C4BFC988-DA68-4F51-BAB0-DB5B7D5CD53B}.Mobile Debug|Win32.ActiveCfg = Debug|Any CPU
		{C4BFC988-DA68-4F51-BAB0-DB5B7D5CD53B}.Mobile Debug|Windows Mobile 5.0 Pocket PC SDK (ARMV4I).ActiveCfg = Debug|Any CPU
		{C4BFC988-DA68-4F51-BAB0-DB5B7D5CD53B}.Release|Any CPU.ActiveCfg = Release|Any CPU
		{C4BFC988-DA68-4F51-BAB0-DB5B7D5CD53B}.Release|Any CPU.Build.0 = Release|Any CPU
		{C4BFC988-DA68-4F51-BAB0-DB5B7D5CD53B}.Release|Mixed Platforms.ActiveCfg = Release|Any CPU
		{C4BFC988-DA68-4F51-BAB0-DB5B7D5CD53B}.Release|Mixed Platforms.Build.0 = Release|Any CPU
		{C4BFC988-DA68-4F51-BAB0-DB5B7D5CD53B}.Release|Pocket PC 2003 (ARMV4).ActiveCfg = Release|Any CPU
		{C4BFC988-DA68-4F51-BAB0-DB5B7D5CD53B}.Release|Win32.ActiveCfg = Release|Any CPU
		{C4BFC988-DA68-4F51-BAB0-DB5B7D5CD53B}.Release|Windows Mobile 5.0 Pocket PC SDK (ARMV4I).ActiveCfg = Release|Any CPU
	EndGlobalSection
	GlobalSection(SolutionProperties) = preSolution
		HideSolutionNode = FALSE
	EndGlobalSection
	GlobalSection(DPCodeReviewSolutionGUID) = preSolution
		DPCodeReviewSolutionGUID = {00000000-0000-0000-0000-000000000000}
	EndGlobalSection
	GlobalSection(DevPartner Solution Properties) = postSolution
	EndGlobalSection
EndGlobal
