Microsoft Visual Studio Solution File, Format Version 9.00
# Visual Studio 2005
Project("{2150E333-8FDC-42A3-9474-1A3956D46DE8}") = "Solution Items", "Solution Items", "{4333F263-1911-4128-A577-2BE0B970B0CA}"
	ProjectSection(SolutionItems) = preProject
		..\..\ChangeLog = ..\..\ChangeLog
	EndProjectSection
EndProject
Project("{8BC9CEB8-8B4A-11D0-8D11-00A0C91BC942}") = "Common", "..\Common\Common_vc80.vcproj", "{4A4CEB83-FBC8-4E93-831E-009875E54794}"
EndProject
Project("{8BC9CEB8-8B4A-11D0-8D11-00A0C91BC942}") = "Dasher", "Dasher_vc80.vcproj", "{752501D3-5B04-4F3C-A141-DE426E354D23}"
	ProjectSection(ProjectDependencies) = postProject
		{192C1E5C-2D1E-4AA3-91C3-FF2D7ABD67F8} = {192C1E5C-2D1E-4AA3-91C3-FF2D7ABD67F8}
		{0BCE9A66-5ECF-416A-AE25-29E8FDB65A05} = {0BCE9A66-5ECF-416A-AE25-29E8FDB65A05}
		{3998D966-9B9E-4214-ACEA-B777985AF4DD} = {3998D966-9B9E-4214-ACEA-B777985AF4DD}
		{4A4CEB83-FBC8-4E93-831E-009875E54794} = {4A4CEB83-FBC8-4E93-831E-009875E54794}
	EndProjectSection
EndProject
Project("{8BC9CEB8-8B4A-11D0-8D11-00A0C91BC942}") = "DasherControl", "DasherControl_vc80.vcproj", "{3998D966-9B9E-4214-ACEA-B777985AF4DD}"
	ProjectSection(ProjectDependencies) = postProject
		{192C1E5C-2D1E-4AA3-91C3-FF2D7ABD67F8} = {192C1E5C-2D1E-4AA3-91C3-FF2D7ABD67F8}
	EndProjectSection
EndProject
Project("{8BC9CEB8-8B4A-11D0-8D11-00A0C91BC942}") = "DasherCore", "..\DasherCore\DasherCore_vc80.vcproj", "{192C1E5C-2D1E-4AA3-91C3-FF2D7ABD67F8}"
	ProjectSection(ProjectDependencies) = postProject
		{0BCE9A66-5ECF-416A-AE25-29E8FDB65A05} = {0BCE9A66-5ECF-416A-AE25-29E8FDB65A05}
		{4A4CEB83-FBC8-4E93-831E-009875E54794} = {4A4CEB83-FBC8-4E93-831E-009875E54794}
	EndProjectSection
EndProject
Project("{8BC9CEB8-8B4A-11D0-8D11-00A0C91BC942}") = "Expat", "..\Common\Expat\Expat_vc80.vcproj", "{0BCE9A66-5ECF-416A-AE25-29E8FDB65A05}"
EndProject
Global
	GlobalSection(SolutionConfigurationPlatforms) = preSolution
		Debug|Win32 = Debug|Win32
		Release|Win32 = Release|Win32
	EndGlobalSection
	GlobalSection(ProjectConfigurationPlatforms) = postSolution
		{4A4CEB83-FBC8-4E93-831E-009875E54794}.Debug|Win32.ActiveCfg = Debug|Win32
		{4A4CEB83-FBC8-4E93-831E-009875E54794}.Debug|Win32.Build.0 = Debug|Win32
		{4A4CEB83-FBC8-4E93-831E-009875E54794}.Release|Win32.ActiveCfg = Release|Win32
		{4A4CEB83-FBC8-4E93-831E-009875E54794}.Release|Win32.Build.0 = Release|Win32
		{752501D3-5B04-4F3C-A141-DE426E354D23}.Debug|Win32.ActiveCfg = Debug|Win32
		{752501D3-5B04-4F3C-A141-DE426E354D23}.Debug|Win32.Build.0 = Debug|Win32
		{752501D3-5B04-4F3C-A141-DE426E354D23}.Release|Win32.ActiveCfg = Release|Win32
		{752501D3-5B04-4F3C-A141-DE426E354D23}.Release|Win32.Build.0 = Release|Win32
		{3998D966-9B9E-4214-ACEA-B777985AF4DD}.Debug|Win32.ActiveCfg = Debug|Win32
		{3998D966-9B9E-4214-ACEA-B777985AF4DD}.Debug|Win32.Build.0 = Debug|Win32
		{3998D966-9B9E-4214-ACEA-B777985AF4DD}.Release|Win32.ActiveCfg = Release|Win32
		{3998D966-9B9E-4214-ACEA-B777985AF4DD}.Release|Win32.Build.0 = Release|Win32
		{192C1E5C-2D1E-4AA3-91C3-FF2D7ABD67F8}.Debug|Win32.ActiveCfg = Debug|Win32
		{192C1E5C-2D1E-4AA3-91C3-FF2D7ABD67F8}.Debug|Win32.Build.0 = Debug|Win32
		{192C1E5C-2D1E-4AA3-91C3-FF2D7ABD67F8}.Release|Win32.ActiveCfg = Release|Win32
		{192C1E5C-2D1E-4AA3-91C3-FF2D7ABD67F8}.Release|Win32.Build.0 = Release|Win32
		{0BCE9A66-5ECF-416A-AE25-29E8FDB65A05}.Debug|Win32.ActiveCfg = Debug|Win32
		{0BCE9A66-5ECF-416A-AE25-29E8FDB65A05}.Debug|Win32.Build.0 = Debug|Win32
		{0BCE9A66-5ECF-416A-AE25-29E8FDB65A05}.Release|Win32.ActiveCfg = Release|Win32
		{0BCE9A66-5ECF-416A-AE25-29E8FDB65A05}.Release|Win32.Build.0 = Release|Win32
	EndGlobalSection
	GlobalSection(SolutionProperties) = preSolution
		HideSolutionNode = FALSE
	EndGlobalSection
	GlobalSection(DPCodeReviewSolutionGUID) = preSolution
		DPCodeReviewSolutionGUID = {00000000-0000-0000-0000-000000000000}
	EndGlobalSection
	GlobalSection(DevPartner Solution Properties) = postSolution
	EndGlobalSection
EndGlobal
