Microsoft Visual Studio Solution File, Format Version 7.00
Project("{8BC9CEB8-8B4A-11D0-8D11-00A0C91BC942}") = "toshtilt", "toshtilt.vcproj", "{EBD9CF11-96F5-4D21-A28D-9E10498339AA}"
EndProject
Global
	GlobalSection(SolutionConfiguration) = preSolution
		ConfigName.0 = Debug
		ConfigName.1 = Release
	EndGlobalSection
	GlobalSection(ProjectDependencies) = postSolution
	EndGlobalSection
	GlobalSection(ProjectConfiguration) = postSolution
		{EBD9CF11-96F5-4D21-A28D-9E10498339AA}.Debug.ActiveCfg = Debug|Win32
		{EBD9CF11-96F5-4D21-A28D-9E10498339AA}.Debug.Build.0 = Debug|Win32
		{EBD9CF11-96F5-4D21-A28D-9E10498339AA}.Release.ActiveCfg = Release|Win32
		{EBD9CF11-96F5-4D21-A28D-9E10498339AA}.Release.Build.0 = Release|Win32
	EndGlobalSection
	GlobalSection(ExtensibilityGlobals) = postSolution
	EndGlobalSection
	GlobalSection(ExtensibilityAddIns) = postSolution
	EndGlobalSection
EndGlobal
