Microsoft Visual Studio Solution File, Format Version 7.00
Project("{8BC9CEB8-8B4A-11D0-8D11-00A0C91BC942}") = "Expat", "Expat.vcproj", "{567DE95B-E981-40DC-BE01-BAB0D4CCC61F}"
EndProject
Global
	GlobalSection(SolutionConfiguration) = preSolution
		ConfigName.0 = Debug
		ConfigName.1 = Release
		ConfigName.2 = Unicode Debug
		ConfigName.3 = Unicode Release
		ConfigName.4 = Win95 compatible Debug
		ConfigName.5 = Win95 compatible Release
	EndGlobalSection
	GlobalSection(ProjectDependencies) = postSolution
	EndGlobalSection
	GlobalSection(ProjectConfiguration) = postSolution
		{567DE95B-E981-40DC-BE01-BAB0D4CCC61F}.Debug.ActiveCfg = Debug|Win32
		{567DE95B-E981-40DC-BE01-BAB0D4CCC61F}.Debug.Build.0 = Debug|Win32
		{567DE95B-E981-40DC-BE01-BAB0D4CCC61F}.Release.ActiveCfg = Release|Win32
		{567DE95B-E981-40DC-BE01-BAB0D4CCC61F}.Release.Build.0 = Release|Win32
		{567DE95B-E981-40DC-BE01-BAB0D4CCC61F}.Unicode Debug.ActiveCfg = Unicode Debug|Win32
		{567DE95B-E981-40DC-BE01-BAB0D4CCC61F}.Unicode Debug.Build.0 = Unicode Debug|Win32
		{567DE95B-E981-40DC-BE01-BAB0D4CCC61F}.Unicode Release.ActiveCfg = Unicode Release|Win32
		{567DE95B-E981-40DC-BE01-BAB0D4CCC61F}.Unicode Release.Build.0 = Unicode Release|Win32
		{567DE95B-E981-40DC-BE01-BAB0D4CCC61F}.Win95 compatible Debug.ActiveCfg = Win95 compatible Debug|Win32
		{567DE95B-E981-40DC-BE01-BAB0D4CCC61F}.Win95 compatible Debug.Build.0 = Win95 compatible Debug|Win32
		{567DE95B-E981-40DC-BE01-BAB0D4CCC61F}.Win95 compatible Release.ActiveCfg = Win95 compatible Release|Win32
		{567DE95B-E981-40DC-BE01-BAB0D4CCC61F}.Win95 compatible Release.Build.0 = Win95 compatible Release|Win32
	EndGlobalSection
	GlobalSection(ExtensibilityGlobals) = postSolution
	EndGlobalSection
	GlobalSection(ExtensibilityAddIns) = postSolution
	EndGlobalSection
EndGlobal
